
Microsoft Visual Studio Solution File, Format Version 12.00
# Visual Studio Version 17
VisualStudioVersion = 17.9.34616.47
MinimumVisualStudioVersion = 10.0.40219.1
Project("{FAE04EC0-301F-11D3-BF4B-00C04F79EFBC}") = "Viper", "Viper.csproj", "{72653B8B-D7A7-4633-802A-5EC2490DC72E}"
EndProject
Global
	GlobalSection(SolutionConfigurationPlatforms) = preSolution
		Debug|Any CPU = Debug|Any CPU
		Release|Any CPU = Release|Any CPU
	EndGlobalSection
	GlobalSection(ProjectConfigurationPlatforms) = postSolution
		{72653B8B-D7A7-4633-802A-5EC2490DC72E}.Debug|Any CPU.ActiveCfg = Debug|Any CPU
		{72653B8B-D7A7-4633-802A-5EC2490DC72E}.Debug|Any CPU.Build.0 = Debug|Any CPU
		{72653B8B-D7A7-4633-802A-5EC2490DC72E}.Release|Any CPU.ActiveCfg = Release|Any CPU
		{72653B8B-D7A7-4633-802A-5EC2490DC72E}.Release|Any CPU.Build.0 = Release|Any CPU
	EndGlobalSection
	GlobalSection(SolutionProperties) = preSolution
		HideSolutionNode = FALSE
	EndGlobalSection
	GlobalSection(ExtensibilityGlobals) = postSolution
		SolutionGuid = {0DB08AED-BE7B-4374-915C-ED7DC2E97CF1}
	EndGlobalSection
EndGlobal
