
Microsoft Visual Studio Solution File, Format Version 12.00
# Visual Studio Version 17
VisualStudioVersion = 17.9.34616.47
MinimumVisualStudioVersion = 10.0.40219.1
Project("{FAE04EC0-301F-11D3-BF4B-00C04F79EFBC}") = "Viper", "Viper.csproj", "{634FDAAE-9C8A-4697-A5FC-A70598B48DAE}"
EndProject
Global
	GlobalSection(SolutionConfigurationPlatforms) = preSolution
		Debug|Any CPU = Debug|Any CPU
		Release|Any CPU = Release|Any CPU
	EndGlobalSection
	GlobalSection(ProjectConfigurationPlatforms) = postSolution
		{634FDAAE-9C8A-4697-A5FC-A70598B48DAE}.Debug|Any CPU.ActiveCfg = Debug|Any CPU
		{634FDAAE-9C8A-4697-A5FC-A70598B48DAE}.Debug|Any CPU.Build.0 = Debug|Any CPU
		{634FDAAE-9C8A-4697-A5FC-A70598B48DAE}.Release|Any CPU.ActiveCfg = Release|Any CPU
		{634FDAAE-9C8A-4697-A5FC-A70598B48DAE}.Release|Any CPU.Build.0 = Release|Any CPU
	EndGlobalSection
	GlobalSection(SolutionProperties) = preSolution
		HideSolutionNode = FALSE
	EndGlobalSection
	GlobalSection(ExtensibilityGlobals) = postSolution
		SolutionGuid = {CD35EA00-2BB7-4A14-A43A-26834916DE97}
	EndGlobalSection
EndGlobal
